
Microsoft Visual Studio Solution File, Format Version 10.00
# Visual Basic Express 2008
Project("{F184B08F-C81C-45F6-A57F-5ABD9991F28F}") = "WindowsApplication3", "WindowsApplication3.vbproj", "{D32CCDA6-4E7E-464C-B1C2-2E4C183EC730}"
EndProject
Global
	GlobalSection(SolutionConfigurationPlatforms) = preSolution
		Debug|Any CPU = Debug|Any CPU
		Release|Any CPU = Release|Any CPU
	EndGlobalSection
	GlobalSection(ProjectConfigurationPlatforms) = postSolution
		{D32CCDA6-4E7E-464C-B1C2-2E4C183EC730}.Debug|Any CPU.ActiveCfg = Debug|Any CPU
		{D32CCDA6-4E7E-464C-B1C2-2E4C183EC730}.Debug|Any CPU.Build.0 = Debug|Any CPU
		{D32CCDA6-4E7E-464C-B1C2-2E4C183EC730}.Release|Any CPU.ActiveCfg = Release|Any CPU
		{D32CCDA6-4E7E-464C-B1C2-2E4C183EC730}.Release|Any CPU.Build.0 = Release|Any CPU
	EndGlobalSection
	GlobalSection(SolutionProperties) = preSolution
		HideSolutionNode = FALSE
	EndGlobalSection
EndGlobal
