
Microsoft Visual Studio Solution File, Format Version 11.00
# Visual Studio 2010
Project("{FAE04EC0-301F-11D3-BF4B-00C04F79EFBC}") = "TestCode2", "TestCode2\TestCode2.csproj", "{B1D833F5-9238-4B40-B50F-C96F6B180EB6}"
EndProject
Global
	GlobalSection(SolutionConfigurationPlatforms) = preSolution
		Debug|x86 = Debug|x86
		Release|x86 = Release|x86
	EndGlobalSection
	GlobalSection(ProjectConfigurationPlatforms) = postSolution
		{B1D833F5-9238-4B40-B50F-C96F6B180EB6}.Debug|x86.ActiveCfg = Debug|x86
		{B1D833F5-9238-4B40-B50F-C96F6B180EB6}.Debug|x86.Build.0 = Debug|x86
		{B1D833F5-9238-4B40-B50F-C96F6B180EB6}.Release|x86.ActiveCfg = Release|x86
		{B1D833F5-9238-4B40-B50F-C96F6B180EB6}.Release|x86.Build.0 = Release|x86
	EndGlobalSection
	GlobalSection(SolutionProperties) = preSolution
		HideSolutionNode = FALSE
	EndGlobalSection
EndGlobal
